// !$*UTF8*$!
{
	archiveVersion = 1;
	classes = {
	};
	objectVersion = 56;
	objects = {

/* Begin PBXBuildFile section */
		4FC2AE64298EDD3F0009649D /* Habbit_TrackerApp.swift in Sources */ = {isa = PBXBuildFile; fileRef = 4FC2AE63298EDD3F0009649D /* Habbit_TrackerApp.swift */; };
		4FC2AE66298EDD3F0009649D /* ContentView.swift in Sources */ = {isa = PBXBuildFile; fileRef = 4FC2AE65298EDD3F0009649D /* ContentView.swift */; };
		4FC2AE68298EDD400009649D /* Assets.xcassets in Resources */ = {isa = PBXBuildFile; fileRef = 4FC2AE67298EDD400009649D /* Assets.xcassets */; };
		4FC2AE6B298EDD400009649D /* Preview Assets.xcassets in Resources */ = {isa = PBXBuildFile; fileRef = 4FC2AE6A298EDD400009649D /* Preview Assets.xcassets */; };
		4FC2AE72298EE5120009649D /* HabitActivity.swift in Sources */ = {isa = PBXBuildFile; fileRef = 4FC2AE71298EE5120009649D /* HabitActivity.swift */; };
		4FC2AE74298EE51A0009649D /* Habits.swift in Sources */ = {isa = PBXBuildFile; fileRef = 4FC2AE73298EE51A0009649D /* Habits.swift */; };
		4FC2AE76298FDAC60009649D /* AddHabit.swift in Sources */ = {isa = PBXBuildFile; fileRef = 4FC2AE75298FDAC60009649D /* AddHabit.swift */; };
		4FC2AE78298FDADF0009649D /* Activity.swift in Sources */ = {isa = PBXBuildFile; fileRef = 4FC2AE77298FDADF0009649D /* Activity.swift */; };
/* End PBXBuildFile section */

/* Begin PBXFileReference section */
		4FC2AE60298EDD3F0009649D /* HabitNinja.app */ = {isa = PBXFileReference; explicitFileType = wrapper.application; includeInIndex = 0; path = HabitNinja.app; sourceTree = BUILT_PRODUCTS_DIR; };
		4FC2AE63298EDD3F0009649D /* Habbit_TrackerApp.swift */ = {isa = PBXFileReference; lastKnownFileType = sourcecode.swift; path = Habbit_TrackerApp.swift; sourceTree = "<group>"; };
		4FC2AE65298EDD3F0009649D /* ContentView.swift */ = {isa = PBXFileReference; lastKnownFileType = sourcecode.swift; path = ContentView.swift; sourceTree = "<group>"; };
		4FC2AE67298EDD400009649D /* Assets.xcassets */ = {isa = PBXFileReference; lastKnownFileType = folder.assetcatalog; path = Assets.xcassets; sourceTree = "<group>"; };
		4FC2AE6A298EDD400009649D /* Preview Assets.xcassets */ = {isa = PBXFileReference; lastKnownFileType = folder.assetcatalog; path = "Preview Assets.xcassets"; sourceTree = "<group>"; };
		4FC2AE71298EE5120009649D /* HabitActivity.swift */ = {isa = PBXFileReference; lastKnownFileType = sourcecode.swift; path = HabitActivity.swift; sourceTree = "<group>"; };
		4FC2AE73298EE51A0009649D /* Habits.swift */ = {isa = PBXFileReference; lastKnownFileType = sourcecode.swift; path = Habits.swift; sourceTree = "<group>"; };
		4FC2AE75298FDAC60009649D /* AddHabit.swift */ = {isa = PBXFileReference; lastKnownFileType = sourcecode.swift; path = AddHabit.swift; sourceTree = "<group>"; };
		4FC2AE77298FDADF0009649D /* Activity.swift */ = {isa = PBXFileReference; lastKnownFileType = sourcecode.swift; path = Activity.swift; sourceTree = "<group>"; };
/* End PBXFileReference section */

/* Begin PBXFrameworksBuildPhase section */
		4FC2AE5D298EDD3F0009649D /* Frameworks */ = {
			isa = PBXFrameworksBuildPhase;
			buildActionMask = 2147483647;
			files = (
			);
			runOnlyForDeploymentPostprocessing = 0;
		};
/* End PBXFrameworksBuildPhase section */

/* Begin PBXGroup section */
		4FC2AE57298EDD3F0009649D = {
			isa = PBXGroup;
			children = (
				4FC2AE62298EDD3F0009649D /* Habbit Tracker */,
				4FC2AE61298EDD3F0009649D /* Products */,
			);
			sourceTree = "<group>";
		};
		4FC2AE61298EDD3F0009649D /* Products */ = {
			isa = PBXGroup;
			children = (
				4FC2AE60298EDD3F0009649D /* HabitNinja.app */,
			);
			name = Products;
			sourceTree = "<group>";
		};
		4FC2AE62298EDD3F0009649D /* Habbit Tracker */ = {
			isa = PBXGroup;
			children = (
				4FC2AE63298EDD3F0009649D /* Habbit_TrackerApp.swift */,
				4FC2AE65298EDD3F0009649D /* ContentView.swift */,
				4FC2AE77298FDADF0009649D /* Activity.swift */,
				4FC2AE75298FDAC60009649D /* AddHabit.swift */,
				4FC2AE71298EE5120009649D /* HabitActivity.swift */,
				4FC2AE73298EE51A0009649D /* Habits.swift */,
				4FC2AE67298EDD400009649D /* Assets.xcassets */,
				4FC2AE69298EDD400009649D /* Preview Content */,
			);
			path = "Habbit Tracker";
			sourceTree = "<group>";
		};
		4FC2AE69298EDD400009649D /* Preview Content */ = {
			isa = PBXGroup;
			children = (
				4FC2AE6A298EDD400009649D /* Preview Assets.xcassets */,
			);
			path = "Preview Content";
			sourceTree = "<group>";
		};
/* End PBXGroup section */

/* Begin PBXNativeTarget section */
		4FC2AE5F298EDD3F0009649D /* HabitNinja */ = {
			isa = PBXNativeTarget;
			buildConfigurationList = 4FC2AE6E298EDD400009649D /* Build configuration list for PBXNativeTarget "HabitNinja" */;
			buildPhases = (
				4FC2AE5C298EDD3F0009649D /* Sources */,
				4FC2AE5D298EDD3F0009649D /* Frameworks */,
				4FC2AE5E298EDD3F0009649D /* Resources */,
			);
			buildRules = (
			);
			dependencies = (
			);
			name = HabitNinja;
			productName = "Habbit Tracker";
			productReference = 4FC2AE60298EDD3F0009649D /* HabitNinja.app */;
			productType = "com.apple.product-type.application";
		};
/* End PBXNativeTarget section */

/* Begin PBXProject section */
		4FC2AE58298EDD3F0009649D /* Project object */ = {
			isa = PBXProject;
			attributes = {
				BuildIndependentTargetsInParallel = 1;
				LastSwiftUpdateCheck = 1420;
				LastUpgradeCheck = 1420;
				TargetAttributes = {
					4FC2AE5F298EDD3F0009649D = {
						CreatedOnToolsVersion = 14.2;
					};
				};
			};
			buildConfigurationList = 4FC2AE5B298EDD3F0009649D /* Build configuration list for PBXProject "HabitNinja" */;
			compatibilityVersion = "Xcode 14.0";
			developmentRegion = en;
			hasScannedForEncodings = 0;
			knownRegions = (
				en,
				Base,
			);
			mainGroup = 4FC2AE57298EDD3F0009649D;
			productRefGroup = 4FC2AE61298EDD3F0009649D /* Products */;
			projectDirPath = "";
			projectRoot = "";
			targets = (
				4FC2AE5F298EDD3F0009649D /* HabitNinja */,
			);
		};
/* End PBXProject section */

/* Begin PBXResourcesBuildPhase section */
		4FC2AE5E298EDD3F0009649D /* Resources */ = {
			isa = PBXResourcesBuildPhase;
			buildActionMask = 2147483647;
			files = (
				4FC2AE6B298EDD400009649D /* Preview Assets.xcassets in Resources */,
				4FC2AE68298EDD400009649D /* Assets.xcassets in Resources */,
			);
			runOnlyForDeploymentPostprocessing = 0;
		};
/* End PBXResourcesBuildPhase section */

/* Begin PBXSourcesBuildPhase section */
		4FC2AE5C298EDD3F0009649D /* Sources */ = {
			isa = PBXSourcesBuildPhase;
			buildActionMask = 2147483647;
			files = (
				4FC2AE78298FDADF0009649D /* Activity.swift in Sources */,
				4FC2AE66298EDD3F0009649D /* ContentView.swift in Sources */,
				4FC2AE76298FDAC60009649D /* AddHabit.swift in Sources */,
				4FC2AE72298EE5120009649D /* HabitActivity.swift in Sources */,
				4FC2AE74298EE51A0009649D /* Habits.swift in Sources */,
				4FC2AE64298EDD3F0009649D /* Habbit_TrackerApp.swift in Sources */,
			);
			runOnlyForDeploymentPostprocessing = 0;
		};
/* End PBXSourcesBuildPhase section */

/* Begin XCBuildConfiguration section */
		4FC2AE6C298EDD400009649D /* Debug */ = {
			isa = XCBuildConfiguration;
			buildSettings = {
				ALWAYS_SEARCH_USER_PATHS = NO;
				CLANG_ANALYZER_NONNULL = YES;
				CLANG_ANALYZER_NUMBER_OBJECT_CONVERSION = YES_AGGRESSIVE;
				CLANG_CXX_LANGUAGE_STANDARD = "gnu++20";
				CLANG_ENABLE_MODULES = YES;
				CLANG_ENABLE_OBJC_ARC = YES;
				CLANG_ENABLE_OBJC_WEAK = YES;
				CLANG_WARN_BLOCK_CAPTURE_AUTORELEASING = YES;
				CLANG_WARN_BOOL_CONVERSION = YES;
				CLANG_WARN_COMMA = YES;
				CLANG_WARN_CONSTANT_CONVERSION = YES;
				CLANG_WARN_DEPRECATED_OBJC_IMPLEMENTATIONS = YES;
				CLANG_WARN_DIRECT_OBJC_ISA_USAGE = YES_ERROR;
				CLANG_WARN_DOCUMENTATION_COMMENTS = YES;
				CLANG_WARN_EMPTY_BODY = YES;
				CLANG_WARN_ENUM_CONVERSION = YES;
				CLANG_WARN_INFINITE_RECURSION = YES;
				CLANG_WARN_INT_CONVERSION = YES;
				CLANG_WARN_NON_LITERAL_NULL_CONVERSION = YES;
				CLANG_WARN_OBJC_IMPLICIT_RETAIN_SELF = YES;
				CLANG_WARN_OBJC_LITERAL_CONVERSION = YES;
				CLANG_WARN_OBJC_ROOT_CLASS = YES_ERROR;
				CLANG_WARN_QUOTED_INCLUDE_IN_FRAMEWORK_HEADER = YES;
				CLANG_WARN_RANGE_LOOP_ANALYSIS = YES;
				CLANG_WARN_STRICT_PROTOTYPES = YES;
				CLANG_WARN_SUSPICIOUS_MOVE = YES;
				CLANG_WARN_UNGUARDED_AVAILABILITY = YES_AGGRESSIVE;
				CLANG_WARN_UNREACHABLE_CODE = YES;
				CLANG_WARN__DUPLICATE_METHOD_MATCH = YES;
				COPY_PHASE_STRIP = NO;
				DEBUG_INFORMATION_FORMAT = dwarf;
				ENABLE_STRICT_OBJC_MSGSEND = YES;
				ENABLE_TESTABILITY = YES;
				GCC_C_LANGUAGE_STANDARD = gnu11;
				GCC_DYNAMIC_NO_PIC = NO;
				GCC_NO_COMMON_BLOCKS = YES;
				GCC_OPTIMIZATION_LEVEL = 0;
				GCC_PREPROCESSOR_DEFINITIONS = (
					"DEBUG=1",
					"$(inherited)",
				);
				GCC_WARN_64_TO_32_BIT_CONVERSION = YES;
				GCC_WARN_ABOUT_RETURN_TYPE = YES_ERROR;
				GCC_WARN_UNDECLARED_SELECTOR = YES;
				GCC_WARN_UNINITIALIZED_AUTOS = YES_AGGRESSIVE;
				GCC_WARN_UNUSED_FUNCTION = YES;
				GCC_WARN_UNUSED_VARIABLE = YES;
				IPHONEOS_DEPLOYMENT_TARGET = 16.2;
				MTL_ENABLE_DEBUG_INFO = INCLUDE_SOURCE;
				MTL_FAST_MATH = YES;
				ONLY_ACTIVE_ARCH = YES;
				SDKROOT = iphoneos;
				SWIFT_ACTIVE_COMPILATION_CONDITIONS = DEBUG;
				SWIFT_OPTIMIZATION_LEVEL = "-Onone";
			};
			name = Debug;
		};
		4FC2AE6D298EDD400009649D /* Release */ = {
			isa = XCBuildConfiguration;
			buildSettings = {
				ALWAYS_SEARCH_USER_PATHS = NO;
				CLANG_ANALYZER_NONNULL = YES;
				CLANG_ANALYZER_NUMBER_OBJECT_CONVERSION = YES_AGGRESSIVE;
				CLANG_CXX_LANGUAGE_STANDARD = "gnu++20";
				CLANG_ENABLE_MODULES = YES;
				CLANG_ENABLE_OBJC_ARC = YES;
				CLANG_ENABLE_OBJC_WEAK = YES;
				CLANG_WARN_BLOCK_CAPTURE_AUTORELEASING = YES;
				CLANG_WARN_BOOL_CONVERSION = YES;
				CLANG_WARN_COMMA = YES;
				CLANG_WARN_CONSTANT_CONVERSION = YES;
				CLANG_WARN_DEPRECATED_OBJC_IMPLEMENTATIONS = YES;
				CLANG_WARN_DIRECT_OBJC_ISA_USAGE = YES_ERROR;
				CLANG_WARN_DOCUMENTATION_COMMENTS = YES;
				CLANG_WARN_EMPTY_BODY = YES;
				CLANG_WARN_ENUM_CONVERSION = YES;
				CLANG_WARN_INFINITE_RECURSION = YES;
				CLANG_WARN_INT_CONVERSION = YES;
				CLANG_WARN_NON_LITERAL_NULL_CONVERSION = YES;
				CLANG_WARN_OBJC_IMPLICIT_RETAIN_SELF = YES;
				CLANG_WARN_OBJC_LITERAL_CONVERSION = YES;
				CLANG_WARN_OBJC_ROOT_CLASS = YES_ERROR;
				CLANG_WARN_QUOTED_INCLUDE_IN_FRAMEWORK_HEADER = YES;
				CLANG_WARN_RANGE_LOOP_ANALYSIS = YES;
				CLANG_WARN_STRICT_PROTOTYPES = YES;
				CLANG_WARN_SUSPICIOUS_MOVE = YES;
				CLANG_WARN_UNGUARDED_AVAILABILITY = YES_AGGRESSIVE;
				CLANG_WARN_UNREACHABLE_CODE = YES;
				CLANG_WARN__DUPLICATE_METHOD_MATCH = YES;
				COPY_PHASE_STRIP = NO;
				DEBUG_INFORMATION_FORMAT = "dwarf-with-dsym";
				ENABLE_NS_ASSERTIONS = NO;
				ENABLE_STRICT_OBJC_MSGSEND = YES;
				GCC_C_LANGUAGE_STANDARD = gnu11;
				GCC_NO_COMMON_BLOCKS = YES;
				GCC_WARN_64_TO_32_BIT_CONVERSION = YES;
				GCC_WARN_ABOUT_RETURN_TYPE = YES_ERROR;
				GCC_WARN_UNDECLARED_SELECTOR = YES;
				GCC_WARN_UNINITIALIZED_AUTOS = YES_AGGRESSIVE;
				GCC_WARN_UNUSED_FUNCTION = YES;
				GCC_WARN_UNUSED_VARIABLE = YES;
				IPHONEOS_DEPLOYMENT_TARGET = 16.2;
				MTL_ENABLE_DEBUG_INFO = NO;
				MTL_FAST_MATH = YES;
				SDKROOT = iphoneos;
				SWIFT_COMPILATION_MODE = wholemodule;
				SWIFT_OPTIMIZATION_LEVEL = "-O";
				VALIDATE_PRODUCT = YES;
			};
			name = Release;
		};
		4FC2AE6F298EDD400009649D /* Debug */ = {
			isa = XCBuildConfiguration;
			buildSettings = {
				ASSETCATALOG_COMPILER_APPICON_NAME = AppIcon;
				ASSETCATALOG_COMPILER_GLOBAL_ACCENT_COLOR_NAME = AccentColor;
				CODE_SIGN_STYLE = Automatic;
				CURRENT_PROJECT_VERSION = 1;
				DEVELOPMENT_ASSET_PATHS = "\"Habbit Tracker/Preview Content\"";
				DEVELOPMENT_TEAM = 668XK42474;
				ENABLE_PREVIEWS = YES;
				GENERATE_INFOPLIST_FILE = YES;
				INFOPLIST_KEY_UIApplicationSceneManifest_Generation = YES;
				INFOPLIST_KEY_UIApplicationSupportsIndirectInputEvents = YES;
				INFOPLIST_KEY_UILaunchScreen_Generation = YES;
				INFOPLIST_KEY_UISupportedInterfaceOrientations_iPad = "UIInterfaceOrientationPortrait UIInterfaceOrientationPortraitUpsideDown UIInterfaceOrientationLandscapeLeft UIInterfaceOrientationLandscapeRight";
				INFOPLIST_KEY_UISupportedInterfaceOrientations_iPhone = "UIInterfaceOrientationPortrait UIInterfaceOrientationLandscapeLeft UIInterfaceOrientationLandscapeRight";
				LD_RUNPATH_SEARCH_PATHS = (
					"$(inherited)",
					"@executable_path/Frameworks",
				);
				MARKETING_VERSION = 1.0;
				PRODUCT_BUNDLE_IDENTIFIER = "me.oliwier.kasprzak.Habbit-Tracker";
				PRODUCT_NAME = "$(TARGET_NAME)";
				SWIFT_EMIT_LOC_STRINGS = YES;
				SWIFT_VERSION = 5.0;
				TARGETED_DEVICE_FAMILY = "1,2";
			};
			name = Debug;
		};
		4FC2AE70298EDD400009649D /* Release */ = {
			isa = XCBuildConfiguration;
			buildSettings = {
				ASSETCATALOG_COMPILER_APPICON_NAME = AppIcon;
				ASSETCATALOG_COMPILER_GLOBAL_ACCENT_COLOR_NAME = AccentColor;
				CODE_SIGN_STYLE = Automatic;
				CURRENT_PROJECT_VERSION = 1;
				DEVELOPMENT_ASSET_PATHS = "\"Habbit Tracker/Preview Content\"";
				DEVELOPMENT_TEAM = 668XK42474;
				ENABLE_PREVIEWS = YES;
				GENERATE_INFOPLIST_FILE = YES;
				INFOPLIST_KEY_UIApplicationSceneManifest_Generation = YES;
				INFOPLIST_KEY_UIApplicationSupportsIndirectInputEvents = YES;
				INFOPLIST_KEY_UILaunchScreen_Generation = YES;
				INFOPLIST_KEY_UISupportedInterfaceOrientations_iPad = "UIInterfaceOrientationPortrait UIInterfaceOrientationPortraitUpsideDown UIInterfaceOrientationLandscapeLeft UIInterfaceOrientationLandscapeRight";
				INFOPLIST_KEY_UISupportedInterfaceOrientations_iPhone = "UIInterfaceOrientationPortrait UIInterfaceOrientationLandscapeLeft UIInterfaceOrientationLandscapeRight";
				LD_RUNPATH_SEARCH_PATHS = (
					"$(inherited)",
					"@executable_path/Frameworks",
				);
				MARKETING_VERSION = 1.0;
				PRODUCT_BUNDLE_IDENTIFIER = "me.oliwier.kasprzak.Habbit-Tracker";
				PRODUCT_NAME = "$(TARGET_NAME)";
				SWIFT_EMIT_LOC_STRINGS = YES;
				SWIFT_VERSION = 5.0;
				TARGETED_DEVICE_FAMILY = "1,2";
			};
			name = Release;
		};
/* End XCBuildConfiguration section */

/* Begin XCConfigurationList section */
		4FC2AE5B298EDD3F0009649D /* Build configuration list for PBXProject "HabitNinja" */ = {
			isa = XCConfigurationList;
			buildConfigurations = (
				4FC2AE6C298EDD400009649D /* Debug */,
				4FC2AE6D298EDD400009649D /* Release */,
			);
			defaultConfigurationIsVisible = 0;
			defaultConfigurationName = Release;
		};
		4FC2AE6E298EDD400009649D /* Build configuration list for PBXNativeTarget "HabitNinja" */ = {
			isa = XCConfigurationList;
			buildConfigurations = (
				4FC2AE6F298EDD400009649D /* Debug */,
				4FC2AE70298EDD400009649D /* Release */,
			);
			defaultConfigurationIsVisible = 0;
			defaultConfigurationName = Release;
		};
/* End XCConfigurationList section */
	};
	rootObject = 4FC2AE58298EDD3F0009649D /* Project object */;
}
